
Microsoft Visual Studio Solution File, Format Version 12.00
# Visual Studio Version 17
VisualStudioVersion = 17.5.002.0
MinimumVisualStudioVersion = 10.0.40219.1
Project("{9A19103F-16F7-4668-BE54-9A1E7A4F7556}") = "Overwrite", "Overwrite.csproj", "{9A60811A-9404-47B2-A3AF-C6410931AB83}"
EndProject
Global
	GlobalSection(SolutionConfigurationPlatforms) = preSolution
		Debug|Any CPU = Debug|Any CPU
		Release|Any CPU = Release|Any CPU
	EndGlobalSection
	GlobalSection(ProjectConfigurationPlatforms) = postSolution
		{9A60811A-9404-47B2-A3AF-C6410931AB83}.Debug|Any CPU.ActiveCfg = Debug|Any CPU
		{9A60811A-9404-47B2-A3AF-C6410931AB83}.Debug|Any CPU.Build.0 = Debug|Any CPU
		{9A60811A-9404-47B2-A3AF-C6410931AB83}.Release|Any CPU.ActiveCfg = Release|Any CPU
		{9A60811A-9404-47B2-A3AF-C6410931AB83}.Release|Any CPU.Build.0 = Release|Any CPU
	EndGlobalSection
	GlobalSection(SolutionProperties) = preSolution
		HideSolutionNode = FALSE
	EndGlobalSection
	GlobalSection(ExtensibilityGlobals) = postSolution
		SolutionGuid = {DF550FB2-0ABD-4C0E-8B95-7DECECC1B222}
	EndGlobalSection
EndGlobal
